Microsoft Visual Studio Solution File, Format Version 12.00
# Visual Studio Version 16
VisualStudioVersion = 16.0.0.0
MinimumVisualStudioVersion = 16.0.0.0
Project("{9A19103F-16F7-4668-BE54-9A1E7A4F7556}") = "CoralTickets.Server", "Server\CoralTickets.Server.csproj", "{A817153B-FB9A-46CB-8F77-BB2B143EFF6D}"
EndProject
Project("{9A19103F-16F7-4668-BE54-9A1E7A4F7556}") = "CoralTickets.Client", "Client\CoralTickets.Client.csproj", "{63BEA3DA-68C1-46A1-8FA8-F57A1E45E72C}"
EndProject
Global
	GlobalSection(SolutionConfigurationPlatforms) = preSolution
		Debug|Any CPU = Debug|Any CPU
		Debug|x64 = Debug|x64
		Debug|x86 = Debug|x86
		Release|Any CPU = Release|Any CPU
		Release|x64 = Release|x64
		Release|x86 = Release|x86
	EndGlobalSection
	GlobalSection(ProjectConfigurationPlatforms) = postSolution
		{63BEA3DA-68C1-46A1-8FA8-F57A1E45E72C}.Debug|Any CPU.ActiveCfg = Debug|Any CPU
		{63BEA3DA-68C1-46A1-8FA8-F57A1E45E72C}.Debug|Any CPU.Build.0 = Debug|Any CPU
		{63BEA3DA-68C1-46A1-8FA8-F57A1E45E72C}.Debug|x64.ActiveCfg = Debug|Any CPU
		{63BEA3DA-68C1-46A1-8FA8-F57A1E45E72C}.Debug|x64.Build.0 = Debug|Any CPU
		{63BEA3DA-68C1-46A1-8FA8-F57A1E45E72C}.Debug|x86.ActiveCfg = Debug|Any CPU
		{63BEA3DA-68C1-46A1-8FA8-F57A1E45E72C}.Debug|x86.Build.0 = Debug|Any CPU
		{63BEA3DA-68C1-46A1-8FA8-F57A1E45E72C}.Release|Any CPU.ActiveCfg = Release|Any CPU
		{63BEA3DA-68C1-46A1-8FA8-F57A1E45E72C}.Release|Any CPU.Build.0 = Release|Any CPU
		{63BEA3DA-68C1-46A1-8FA8-F57A1E45E72C}.Release|x64.ActiveCfg = Release|Any CPU
		{63BEA3DA-68C1-46A1-8FA8-F57A1E45E72C}.Release|x64.Build.0 = Release|Any CPU
		{63BEA3DA-68C1-46A1-8FA8-F57A1E45E72C}.Release|x86.ActiveCfg = Release|Any CPU
		{63BEA3DA-68C1-46A1-8FA8-F57A1E45E72C}.Release|x86.Build.0 = Release|Any CPU
		{A817153B-FB9A-46CB-8F77-BB2B143EFF6D}.Debug|Any CPU.ActiveCfg = Debug|Any CPU
		{A817153B-FB9A-46CB-8F77-BB2B143EFF6D}.Debug|Any CPU.Build.0 = Debug|Any CPU
		{A817153B-FB9A-46CB-8F77-BB2B143EFF6D}.Debug|x64.ActiveCfg = Debug|Any CPU
		{A817153B-FB9A-46CB-8F77-BB2B143EFF6D}.Debug|x64.Build.0 = Debug|Any CPU
		{A817153B-FB9A-46CB-8F77-BB2B143EFF6D}.Debug|x86.ActiveCfg = Debug|Any CPU
		{A817153B-FB9A-46CB-8F77-BB2B143EFF6D}.Debug|x86.Build.0 = Debug|Any CPU
		{A817153B-FB9A-46CB-8F77-BB2B143EFF6D}.Release|Any CPU.ActiveCfg = Release|Any CPU
		{A817153B-FB9A-46CB-8F77-BB2B143EFF6D}.Release|Any CPU.Build.0 = Release|Any CPU
		{A817153B-FB9A-46CB-8F77-BB2B143EFF6D}.Release|x64.ActiveCfg = Release|Any CPU
		{A817153B-FB9A-46CB-8F77-BB2B143EFF6D}.Release|x64.Build.0 = Release|Any CPU
		{A817153B-FB9A-46CB-8F77-BB2B143EFF6D}.Release|x86.ActiveCfg = Release|Any CPU
		{A817153B-FB9A-46CB-8F77-BB2B143EFF6D}.Release|x86.Build.0 = Release|Any CPU
	EndGlobalSection
	GlobalSection(SolutionProperties) = preSolution
		HideSolutionNode = FALSE
	EndGlobalSection
	GlobalSection(ExtensibilityGlobals) = postSolution
		SolutionGuid = {D1F1AB02-5361-4997-870C-C73F8E5AF46B}
	EndGlobalSection
EndGlobal